# This file is automatically @generated by Cargo.
# It is not intended for manual editing.
version = 4

[[package]]
name = "soter-cli"
version = "0.1.0"
dependencies = [
 "soter-core",
 "soter-system",
]

[[package]]
name = "soter-core"
version = "0.1.0"

[[package]]
name = "soter-system"
version = "0.1.0"
